// !$*UTF8*$!
{
	archiveVersion = 1;
	classes = {
	};
	objectVersion = 77;
	objects = {

/* Begin PBXFileReference section */
		A5A303F82EF0B4A800ADE1D3 /* Sortify.app */ = {isa = PBXFileReference; explicitFileType = wrapper.application; includeInIndex = 0; path = Sortify.app; sourceTree = BUILT_PRODUCTS_DIR; };
		111111111111111111111111 /* Models.swift */ = {isa = PBXFileReference; lastKnownFileType = sourcecode.swift; path = Sortify/Models.swift; sourceTree = "<group>"; };
		222222222222222222222222 /* KeychainStore.swift */ = {isa = PBXFileReference; lastKnownFileType = sourcecode.swift; path = Sortify/KeychainStore.swift; sourceTree = "<group>"; };
		333333333333333333333333 /* Notifications.swift */ = {isa = PBXFileReference; lastKnownFileType = sourcecode.swift; path = Sortify/Notifications.swift; sourceTree = "<group>"; };
		444444444444444444444444 /* CacheStore.swift */ = {isa = PBXFileReference; lastKnownFileType = sourcecode.swift; path = Sortify/CacheStore.swift; sourceTree = "<group>"; };
		555555555555555555555555 /* RateLimiter.swift */ = {isa = PBXFileReference; lastKnownFileType = sourcecode.swift; path = Sortify/RateLimiter.swift; sourceTree = "<group>"; };
		666666666666666666666666 /* ToastManager.swift */ = {isa = PBXFileReference; lastKnownFileType = sourcecode.swift; path = Sortify/ToastManager.swift; sourceTree = "<group>"; };
		777777777777777777777777 /* SortifyAppApp.swift */ = {isa = PBXFileReference; lastKnownFileType = sourcecode.swift; path = Sortify/SortifyAppApp.swift; sourceTree = "<group>"; };
		888888888888888888888888 /* SpotifyAuth.swift */ = {isa = PBXFileReference; lastKnownFileType = sourcecode.swift; path = SpotifyAuth.swift; sourceTree = "<group>"; };
		999999999999999999999999 /* SpotifyClient.swift */ = {isa = PBXFileReference; lastKnownFileType = sourcecode.swift; path = SpotifyClient.swift; sourceTree = "<group>"; };
		aaaaaaaaaaaaaaaaaaaaaaaa /* Views/ContentView.swift */ = {isa = PBXFileReference; lastKnownFileType = sourcecode.swift; path = Sortify/Views/ContentView.swift; sourceTree = "<group>"; };
		bbbbbbbbbbbbbbbbbbbbbbbb /* Views/GenreRow.swift */ = {isa = PBXFileReference; lastKnownFileType = sourcecode.swift; path = Sortify/Views/GenreRow.swift; sourceTree = "<group>"; };
		cccccccccccccccccccccccc /* Views/ToastView.swift */ = {isa = PBXFileReference; lastKnownFileType = sourcecode.swift; path = Sortify/Views/ToastView.swift; sourceTree = "<group>"; };
		dddddddddddddddddddddddd /* Views/SignInModal.swift */ = {isa = PBXFileReference; lastKnownFileType = sourcecode.swift; path = Sortify/Views/SignInModal.swift; sourceTree = "<group>"; };
		eeeeeeeeeeeeeeeeeeeeeeee /* Views/DashboardView.swift */ = {isa = PBXFileReference; lastKnownFileType = sourcecode.swift; path = Sortify/Views/DashboardView.swift; sourceTree = "<group>"; };
		ffffffffffffffffffffffff /* Views/SettingsView.swift */ = {isa = PBXFileReference; lastKnownFileType = sourcecode.swift; path = Sortify/Views/SettingsView.swift; sourceTree = "<group>"; };
/* End PBXFileReference section */

/* Begin PBXFileSystemSynchronizedRootGroup section */
		A5A303FA2EF0B4A800ADE1D3 /* Sortify */ = {
			isa = PBXFileSystemSynchronizedRootGroup;
			path = Sortify;
			sourceTree = "<group>";
		};
/* End PBXFileSystemSynchronizedRootGroup section */

/* Begin PBXFrameworksBuildPhase section */
		A5A303F52EF0B4A800ADE1D3 /* Frameworks */ = {
			isa = PBXFrameworksBuildPhase;
			buildActionMask = 2147483647;
			files = (
			);
			runOnlyForDeploymentPostprocessing = 0;
		};
/* End PBXFrameworksBuildPhase section */

/* Begin PBXGroup section */
		A5A303EF2EF0B4A800ADE1D3 = {
			isa = PBXGroup;
			children = (
				A5A303FA2EF0B4A800ADE1D3 /* Sortify */,
				111111111111111111111111 /* Models.swift */,
				222222222222222222222222 /* KeychainStore.swift */,
				333333333333333333333333 /* Notifications.swift */,
				444444444444444444444444 /* CacheStore.swift */,
				555555555555555555555555 /* RateLimiter.swift */,
				666666666666666666666666 /* ToastManager.swift */,
				777777777777777777777777 /* SortifyAppApp.swift */,
				888888888888888888888888 /* SpotifyAuth.swift */,
				999999999999999999999999 /* SpotifyClient.swift */,
				aaaaaaaaaaaaaaaaaaaaaaaa /* Views/ContentView.swift */,
				bbbbbbbbbbbbbbbbbbbbbbbb /* Views/GenreRow.swift */,
				cccccccccccccccccccccccc /* Views/ToastView.swift */,
				dddddddddddddddddddddddd /* Views/SignInModal.swift */,
				eeeeeeeeeeeeeeeeeeeeeeee /* Views/DashboardView.swift */,
				ffffffffffffffffffffffff /* Views/SettingsView.swift */,
				A5A303F92EF0B4A800ADE1D3 /* Products */,
			);
			sourceTree = "<group>";
		};
		A5A303F92EF0B4A800ADE1D3 /* Products */ = {
			isa = PBXGroup;
			children = (
				A5A303F82EF0B4A800ADE1D3 /* Sortify.app */,
			);
			name = Products;
			sourceTree = "<group>";
		};
/* End PBXGroup section */

/* Begin PBXNativeTarget section */
		A5A303F72EF0B4A800ADE1D3 /* Sortify */ = {
			isa = PBXNativeTarget;
			buildConfigurationList = A5A304082EF0B4A900ADE1D3 /* Build configuration list for PBXNativeTarget "Sortify" */;
			buildPhases = (
				A5A303F42EF0B4A800ADE1D3 /* Sources */,
				A5A303F52EF0B4A800ADE1D3 /* Frameworks */,
				A5A303F62EF0B4A800ADE1D3 /* Resources */,
			);
			buildRules = (
			);
			dependencies = (
			);
			fileSystemSynchronizedGroups = (
				A5A303FA2EF0B4A800ADE1D3 /* Sortify */,
			);
			name = Sortify;
			packageProductDependencies = (
			);
			productName = Sortify;
			productReference = A5A303F82EF0B4A800ADE1D3 /* Sortify.app */;
			productType = "com.apple.product-type.application";
		};
/* End PBXNativeTarget section */

/* Begin PBXProject section */
		A5A303F02EF0B4A800ADE1D3 /* Project object */ = {
			isa = PBXProject;
			attributes = {
				BuildIndependentTargetsInParallel = 1;
				LastSwiftUpdateCheck = 2620;
				LastUpgradeCheck = 2620;
				TargetAttributes = {
					A5A303F72EF0B4A800ADE1D3 = {
						CreatedOnToolsVersion = 26.2;
					};
				};
			};
			buildConfigurationList = A5A303F32EF0B4A800ADE1D3 /* Build configuration list for PBXProject "Sortify" */;
			developmentRegion = en;
			hasScannedForEncodings = 0;
			knownRegions = (
				en,
				Base,
			);
			mainGroup = A5A303EF2EF0B4A800ADE1D3;
			minimizedProjectReferenceProxies = 1;
			preferredProjectObjectVersion = 77;
			productRefGroup = A5A303F92EF0B4A800ADE1D3 /* Products */;
			projectDirPath = "";
			projectRoot = "";
			targets = (
				A5A303F72EF0B4A800ADE1D3 /* Sortify */,
			);
		};
/* End PBXProject section */

/* Begin PBXResourcesBuildPhase section */
		A5A303F62EF0B4A800ADE1D3 /* Resources */ = {
			isa = PBXResourcesBuildPhase;
			buildActionMask = 2147483647;
			files = (
			);
			runOnlyForDeploymentPostprocessing = 0;
		};
/* End PBXResourcesBuildPhase section */

/* Begin PBXSourcesBuildPhase section */
		A5A303F42EF0B4A800ADE1D3 /* Sources */ = {
			isa = PBXSourcesBuildPhase;
			buildActionMask = 2147483647;
			files = (
				B111111111111111111111111 /* Models.swift in Sources */,
				B222222222222222222222222 /* KeychainStore.swift in Sources */,
				B333333333333333333333333 /* Notifications.swift in Sources */,
				B444444444444444444444444 /* CacheStore.swift in Sources */,
				B555555555555555555555555 /* RateLimiter.swift in Sources */,
				B666666666666666666666666 /* ToastManager.swift in Sources */,
				B777777777777777777777777 /* SortifyAppApp.swift in Sources */,
				B888888888888888888888888 /* SpotifyAuth.swift in Sources */,
				B999999999999999999999999 /* SpotifyClient.swift in Sources */,
				Baaaaaaaaaaaaaaaaaaaaaaaa /* Views/ContentView.swift in Sources */,
				Bbbbbbbbbbbbbbbbbbbbbbbbbb /* Views/GenreRow.swift in Sources */,
				Bcccccccccccccccccccccccc /* Views/ToastView.swift in Sources */,
				Bdddddddddddddddddddddddd /* Views/SignInModal.swift in Sources */,
				Beeeeeeeeeeeeeeeeeeeeeeeee /* Views/DashboardView.swift in Sources */,
				Bffffffffffffffffffffffff /* Views/SettingsView.swift in Sources */,
			);
			runOnlyForDeploymentPostprocessing = 0;
		};
/* End PBXSourcesBuildPhase section */

/* Begin XCBuildConfiguration section */
		A5A304062EF0B4A900ADE1D3 /* Debug */ = {
			isa = XCBuildConfiguration;
			buildSettings = {
				ALWAYS_SEARCH_USER_PATHS = NO;
				ASSETCATALOG_COMPILER_GENERATE_SWIFT_ASSET_SYMBOL_EXTENSIONS = YES;
				CLANG_ANALYZER_NONNULL = YES;
				CLANG_ANALYZER_NUMBER_OBJECT_CONVERSION = YES_AGGRESSIVE;
				CLANG_CXX_LANGUAGE_STANDARD = "gnu++20";
				CLANG_ENABLE_MODULES = YES;
				CLANG_ENABLE_OBJC_ARC = YES;
				CLANG_ENABLE_OBJC_WEAK = YES;
				CLANG_WARN_BLOCK_CAPTURE_AUTORELEASING = YES;
				CLANG_WARN_BOOL_CONVERSION = YES;
				CLANG_WARN_COMMA = YES;
				CLANG_WARN_CONSTANT_CONVERSION = YES;
				CLANG_WARN_DEPRECATED_OBJC_IMPLEMENTATIONS = YES;
				CLANG_WARN_DIRECT_OBJC_ISA_USAGE = YES_ERROR;
				CLANG_WARN_DOCUMENTATION_COMMENTS = YES;
				CLANG_WARN_EMPTY_BODY = YES;
				CLANG_WARN_ENUM_CONVERSION = YES;
				CLANG_WARN_INFINITE_RECURSION = YES;
				CLANG_WARN_INT_CONVERSION = YES;
				CLANG_WARN_NON_LITERAL_NULL_CONVERSION = YES;
				CLANG_WARN_OBJC_IMPLICIT_RETAIN_SELF = YES;
				CLANG_WARN_OBJC_LITERAL_CONVERSION = YES;
				CLANG_WARN_OBJC_ROOT_CLASS = YES_ERROR;
				CLANG_WARN_QUOTED_INCLUDE_IN_FRAMEWORK_HEADER = YES;
				CLANG_WARN_RANGE_LOOP_ANALYSIS = YES;
				CLANG_WARN_STRICT_PROTOTYPES = YES;
				CLANG_WARN_SUSPICIOUS_MOVE = YES;
				CLANG_WARN_UNGUARDED_AVAILABILITY = YES_AGGRESSIVE;
				CLANG_WARN_UNREACHABLE_CODE = YES;
				CLANG_WARN__DUPLICATE_METHOD_MATCH = YES;
				COPY_PHASE_STRIP = NO;
				DEBUG_INFORMATION_FORMAT = dwarf;
				ENABLE_STRICT_OBJC_MSGSEND = YES;
				ENABLE_TESTABILITY = YES;
				ENABLE_USER_SCRIPT_SANDBOXING = YES;
				GCC_C_LANGUAGE_STANDARD = gnu17;
				GCC_DYNAMIC_NO_PIC = NO;
				GCC_NO_COMMON_BLOCKS = YES;
				GCC_OPTIMIZATION_LEVEL = 0;
				GCC_PREPROCESSOR_DEFINITIONS = (
					"DEBUG=1",
					"$(inherited)",
				);
				GCC_WARN_64_TO_32_BIT_CONVERSION = YES;
				GCC_WARN_ABOUT_RETURN_TYPE = YES_ERROR;
				GCC_WARN_UNDECLARED_SELECTOR = YES;
				GCC_WARN_UNINITIALIZED_AUTOS = YES_AGGRESSIVE;
				GCC_WARN_UNUSED_FUNCTION = YES;
				GCC_WARN_UNUSED_VARIABLE = YES;
				LOCALIZATION_PREFERS_STRING_CATALOGS = YES;
				MTL_ENABLE_DEBUG_INFO = INCLUDE_SOURCE;
				MTL_FAST_MATH = YES;
				ONLY_ACTIVE_ARCH = YES;
				SWIFT_ACTIVE_COMPILATION_CONDITIONS = "DEBUG $(inherited)";
				SWIFT_OPTIMIZATION_LEVEL = "-Onone";
			};
			name = Debug;
		};
		A5A304072EF0B4A900ADE1D3 /* Release */ = {
			isa = XCBuildConfiguration;
			buildSettings = {
				ALWAYS_SEARCH_USER_PATHS = NO;
				ASSETCATALOG_COMPILER_GENERATE_SWIFT_ASSET_SYMBOL_EXTENSIONS = YES;
				CLANG_ANALYZER_NONNULL = YES;
				CLANG_ANALYZER_NUMBER_OBJECT_CONVERSION = YES_AGGRESSIVE;
				CLANG_CXX_LANGUAGE_STANDARD = "gnu++20";
				CLANG_ENABLE_MODULES = YES;
				CLANG_ENABLE_OBJC_ARC = YES;
				CLANG_ENABLE_OBJC_WEAK = YES;
				CLANG_WARN_BLOCK_CAPTURE_AUTORELEASING = YES;
				CLANG_WARN_BOOL_CONVERSION = YES;
				CLANG_WARN_COMMA = YES;
				CLANG_WARN_CONSTANT_CONVERSION = YES;
				CLANG_WARN_DEPRECATED_OBJC_IMPLEMENTATIONS = YES;
				CLANG_WARN_DIRECT_OBJC_ISA_USAGE = YES_ERROR;
				CLANG_WARN_DOCUMENTATION_COMMENTS = YES;
				CLANG_WARN_EMPTY_BODY = YES;
				CLANG_WARN_ENUM_CONVERSION = YES;
				CLANG_WARN_INFINITE_RECURSION = YES;
				CLANG_WARN_INT_CONVERSION = YES;
				CLANG_WARN_NON_LITERAL_NULL_CONVERSION = YES;
				CLANG_WARN_OBJC_IMPLICIT_RETAIN_SELF = YES;
				CLANG_WARN_OBJC_LITERAL_CONVERSION = YES;
				CLANG_WARN_OBJC_ROOT_CLASS = YES_ERROR;
				CLANG_WARN_QUOTED_INCLUDE_IN_FRAMEWORK_HEADER = YES;
				CLANG_WARN_RANGE_LOOP_ANALYSIS = YES;
				CLANG_WARN_STRICT_PROTOTYPES = YES;
				CLANG_WARN_SUSPICIOUS_MOVE = YES;
				CLANG_WARN_UNGUARDED_AVAILABILITY = YES_AGGRESSIVE;
				CLANG_WARN_UNREACHABLE_CODE = YES;
				CLANG_WARN__DUPLICATE_METHOD_MATCH = YES;
				COPY_PHASE_STRIP = NO;
				DEBUG_INFORMATION_FORMAT = "dwarf-with-dsym";
				ENABLE_NS_ASSERTIONS = NO;
				ENABLE_STRICT_OBJC_MSGSEND = YES;
				ENABLE_USER_SCRIPT_SANDBOXING = YES;
				GCC_C_LANGUAGE_STANDARD = gnu17;
				GCC_NO_COMMON_BLOCKS = YES;
				GCC_WARN_64_TO_32_BIT_CONVERSION = YES;
				GCC_WARN_ABOUT_RETURN_TYPE = YES_ERROR;
				GCC_WARN_UNDECLARED_SELECTOR = YES;
				GCC_WARN_UNINITIALIZED_AUTOS = YES_AGGRESSIVE;
				GCC_WARN_UNUSED_FUNCTION = YES;
				GCC_WARN_UNUSED_VARIABLE = YES;
				LOCALIZATION_PREFERS_STRING_CATALOGS = YES;
				MTL_ENABLE_DEBUG_INFO = NO;
				MTL_FAST_MATH = YES;
				SWIFT_COMPILATION_MODE = wholemodule;
			};
			name = Release;
		};
		A5A304092EF0B4A900ADE1D3 /* Debug */ = {
			isa = XCBuildConfiguration;
			buildSettings = {
				ASSETCATALOG_COMPILER_APPICON_NAME = AppIcon;
				ASSETCATALOG_COMPILER_GLOBAL_ACCENT_COLOR_NAME = AccentColor;
				CODE_SIGN_STYLE = Automatic;
				CURRENT_PROJECT_VERSION = 1;
				ENABLE_APP_SANDBOX = YES;
				ENABLE_PREVIEWS = YES;
				ENABLE_USER_SELECTED_FILES = readonly;
				GENERATE_INFOPLIST_FILE = YES;
				"INFOPLIST_KEY_UIApplicationSceneManifest_Generation[sdk=iphoneos*]" = YES;
				"INFOPLIST_KEY_UIApplicationSceneManifest_Generation[sdk=iphonesimulator*]" = YES;
				"INFOPLIST_KEY_UIApplicationSupportsIndirectInputEvents[sdk=iphoneos*]" = YES;
				"INFOPLIST_KEY_UIApplicationSupportsIndirectInputEvents[sdk=iphonesimulator*]" = YES;
				"INFOPLIST_KEY_UILaunchScreen_Generation[sdk=iphoneos*]" = YES;
				"INFOPLIST_KEY_UILaunchScreen_Generation[sdk=iphonesimulator*]" = YES;
				"INFOPLIST_KEY_UIStatusBarStyle[sdk=iphoneos*]" = UIStatusBarStyleDefault;
				"INFOPLIST_KEY_UIStatusBarStyle[sdk=iphonesimulator*]" = UIStatusBarStyleDefault;
				INFOPLIST_KEY_UISupportedInterfaceOrientations_iPad = "UIInterfaceOrientationPortrait UIInterfaceOrientationPortraitUpsideDown UIInterfaceOrientationLandscapeLeft UIInterfaceOrientationLandscapeRight";
				INFOPLIST_KEY_UISupportedInterfaceOrientations_iPhone = "UIInterfaceOrientationPortrait UIInterfaceOrientationLandscapeLeft UIInterfaceOrientationLandscapeRight";
				IPHONEOS_DEPLOYMENT_TARGET = 26.2;
				LD_RUNPATH_SEARCH_PATHS = "@executable_path/Frameworks";
				"LD_RUNPATH_SEARCH_PATHS[sdk=macosx*]" = "@executable_path/../Frameworks";
				MACOSX_DEPLOYMENT_TARGET = 26.1;
				MARKETING_VERSION = 1.0;
				PRODUCT_BUNDLE_IDENTIFIER = com.yourname.Sortify;
				PRODUCT_NAME = "$(TARGET_NAME)";
				REGISTER_APP_GROUPS = YES;
				SDKROOT = auto;
				STRING_CATALOG_GENERATE_SYMBOLS = YES;
				SUPPORTED_PLATFORMS = "iphoneos iphonesimulator macosx xros xrsimulator";
				SWIFT_APPROACHABLE_CONCURRENCY = YES;
				SWIFT_DEFAULT_ACTOR_ISOLATION = MainActor;
				SWIFT_EMIT_LOC_STRINGS = YES;
				SWIFT_UPCOMING_FEATURE_MEMBER_IMPORT_VISIBILITY = YES;
				SWIFT_VERSION = 5.0;
				SWIFT_COMPILATION_MODE = wholemodule;
				TARGETED_DEVICE_FAMILY = "1,2,7";
				XROS_DEPLOYMENT_TARGET = 26.2;
				CODE_SIGN_ENTITLEMENTS = "Sortify-App.entitlements";
			};
			name = Debug;
		};
		A5A3040A2EF0B4A900ADE1D3 /* Release */ = {
			isa = XCBuildConfiguration;
			buildSettings = {
				ASSETCATALOG_COMPILER_APPICON_NAME = AppIcon;
				ASSETCATALOG_COMPILER_GLOBAL_ACCENT_COLOR_NAME = AccentColor;
				CODE_SIGN_STYLE = Automatic;
				CURRENT_PROJECT_VERSION = 1;
				ENABLE_APP_SANDBOX = YES;
				ENABLE_PREVIEWS = YES;
				ENABLE_USER_SELECTED_FILES = readonly;
				GENERATE_INFOPLIST_FILE = YES;
				"INFOPLIST_KEY_UIApplicationSceneManifest_Generation[sdk=iphoneos*]" = YES;
				"INFOPLIST_KEY_UIApplicationSceneManifest_Generation[sdk=iphonesimulator*]" = YES;
				"INFOPLIST_KEY_UIApplicationSupportsIndirectInputEvents[sdk=iphoneos*]" = YES;
				"INFOPLIST_KEY_UIApplicationSupportsIndirectInputEvents[sdk=iphonesimulator*]" = YES;
				"INFOPLIST_KEY_UILaunchScreen_Generation[sdk=iphoneos*]" = YES;
				"INFOPLIST_KEY_UILaunchScreen_Generation[sdk=iphonesimulator*]" = YES;
				"INFOPLIST_KEY_UIStatusBarStyle[sdk=iphoneos*]" = UIStatusBarStyleDefault;
				"INFOPLIST_KEY_UIStatusBarStyle[sdk=iphonesimulator*]" = UIStatusBarStyleDefault;
				INFOPLIST_KEY_UISupportedInterfaceOrientations_iPad = "UIInterfaceOrientationPortrait UIInterfaceOrientationPortraitUpsideDown UIInterfaceOrientationLandscapeLeft UIInterfaceOrientationLandscapeRight";
				INFOPLIST_KEY_UISupportedInterfaceOrientations_iPhone = "UIInterfaceOrientationPortrait UIInterfaceOrientationLandscapeLeft UIInterfaceOrientationLandscapeRight";
				IPHONEOS_DEPLOYMENT_TARGET = 26.2;
				LD_RUNPATH_SEARCH_PATHS = "@executable_path/Frameworks";
				"LD_RUNPATH_SEARCH_PATHS[sdk=macosx*]" = "@executable_path/../Frameworks";
				MACOSX_DEPLOYMENT_TARGET = 26.1;
				MARKETING_VERSION = 1.0;
				PRODUCT_BUNDLE_IDENTIFIER = com.yourname.Sortify;
				PRODUCT_NAME = "$(TARGET_NAME)";
				REGISTER_APP_GROUPS = YES;
				SDKROOT = auto;
				STRING_CATALOG_GENERATE_SYMBOLS = YES;
				SUPPORTED_PLATFORMS = "iphoneos iphonesimulator macosx xros xrsimulator";
				SWIFT_APPROACHABLE_CONCURRENCY = YES;
				SWIFT_DEFAULT_ACTOR_ISOLATION = MainActor;
				SWIFT_EMIT_LOC_STRINGS = YES;
				SWIFT_UPCOMING_FEATURE_MEMBER_IMPORT_VISIBILITY = YES;
				SWIFT_VERSION = 5.0;
				TARGETED_DEVICE_FAMILY = "1,2,7";
				XROS_DEPLOYMENT_TARGET = 26.2;
				CODE_SIGN_ENTITLEMENTS = "Sortify-App.entitlements";
			};
			name = Release;
		};
/* End XCBuildConfiguration section */

/* Begin XCConfigurationList section */
		A5A303F32EF0B4A800ADE1D3 /* Build configuration list for PBXProject "Sortify" */ = {
			isa = XCConfigurationList;
			buildConfigurations = (
				A5A304062EF0B4A900ADE1D3 /* Debug */,
				A5A304072EF0B4A900ADE1D3 /* Release */,
			);
			defaultConfigurationIsVisible = 0;
			defaultConfigurationName = Release;
		};
		A5A304082EF0B4A900ADE1D3 /* Build configuration list for PBXNativeTarget "Sortify" */ = {
			isa = XCConfigurationList;
			buildConfigurations = (
				A5A304092EF0B4A900ADE1D3 /* Debug */,
				A5A3040A2EF0B4A900ADE1D3 /* Release */,
			);
			defaultConfigurationIsVisible = 0;
			defaultConfigurationName = Release;
		};

/* Begin PBXBuildFile section */
		B111111111111111111111111 /* Models.swift in Sources */ = {isa = PBXBuildFile; fileRef = 111111111111111111111111 /* Models.swift */; };
		B222222222222222222222222 /* KeychainStore.swift in Sources */ = {isa = PBXBuildFile; fileRef = 222222222222222222222222 /* KeychainStore.swift */; };
		B333333333333333333333333 /* Notifications.swift in Sources */ = {isa = PBXBuildFile; fileRef = 333333333333333333333333 /* Notifications.swift */; };
		B444444444444444444444444 /* CacheStore.swift in Sources */ = {isa = PBXBuildFile; fileRef = 444444444444444444444444 /* CacheStore.swift */; };
		B555555555555555555555555 /* RateLimiter.swift in Sources */ = {isa = PBXBuildFile; fileRef = 555555555555555555555555 /* RateLimiter.swift */; };
		B666666666666666666666666 /* ToastManager.swift in Sources */ = {isa = PBXBuildFile; fileRef = 666666666666666666666666 /* ToastManager.swift */; };
		B777777777777777777777777 /* SortifyAppApp.swift in Sources */ = {isa = PBXBuildFile; fileRef = 777777777777777777777777 /* SortifyAppApp.swift */; };
		B888888888888888888888888 /* SpotifyAuth.swift in Sources */ = {isa = PBXBuildFile; fileRef = 888888888888888888888888 /* SpotifyAuth.swift */; };
		B999999999999999999999999 /* SpotifyClient.swift in Sources */ = {isa = PBXBuildFile; fileRef = 999999999999999999999999 /* SpotifyClient.swift */; };
		Baaaaaaaaaaaaaaaaaaaaaaaa /* Views/ContentView.swift in Sources */ = {isa = PBXBuildFile; fileRef = aaaaaaaaaaaaaaaaaaaaaaaa /* Views/ContentView.swift */; };
		Bbbbbbbbbbbbbbbbbbbbbbbbbb /* Views/GenreRow.swift in Sources */ = {isa = PBXBuildFile; fileRef = bbbbbbbbbbbbbbbbbbbbbbbb /* Views/GenreRow.swift */; };
		Bcccccccccccccccccccccccc /* Views/ToastView.swift in Sources */ = {isa = PBXBuildFile; fileRef = cccccccccccccccccccccccc /* Views/ToastView.swift */; };
		Bdddddddddddddddddddddddd /* Views/SignInModal.swift in Sources */ = {isa = PBXBuildFile; fileRef = dddddddddddddddddddddddd /* Views/SignInModal.swift */; };
		Beeeeeeeeeeeeeeeeeeeeeeeee /* Views/DashboardView.swift in Sources */ = {isa = PBXBuildFile; fileRef = eeeeeeeeeeeeeeeeeeeeeeee /* Views/DashboardView.swift */; };
		Bffffffffffffffffffffffff /* Views/SettingsView.swift in Sources */ = {isa = PBXBuildFile; fileRef = ffffffffffffffffffffffff /* Views/SettingsView.swift */; };
/* End PBXBuildFile section */
/* End XCConfigurationList section */
	};
	rootObject = A5A303F02EF0B4A800ADE1D3 /* Project object */;
}
